
Microsoft Visual Studio Solution File, Format Version 12.00
# Visual Studio 15
VisualStudioVersion = 15.0.26730.16
MinimumVisualStudioVersion = 10.0.40219.1
Project("{FAE04EC0-301F-11D3-BF4B-00C04F79EFBC}") = "ProjEstacionamento", "ProjEstacionamento\ProjEstacionamento.csproj", "{A5A64C10-7D0C-42E8-845A-152D4AACCF7D}"
EndProject
Global
	GlobalSection(SolutionConfigurationPlatforms) = preSolution
		Debug|Any CPU = Debug|Any CPU
		Release|Any CPU = Release|Any CPU
	EndGlobalSection
	GlobalSection(ProjectConfigurationPlatforms) = postSolution
		{A5A64C10-7D0C-42E8-845A-152D4AACCF7D}.Debug|Any CPU.ActiveCfg = Debug|Any CPU
		{A5A64C10-7D0C-42E8-845A-152D4AACCF7D}.Debug|Any CPU.Build.0 = Debug|Any CPU
		{A5A64C10-7D0C-42E8-845A-152D4AACCF7D}.Release|Any CPU.ActiveCfg = Release|Any CPU
		{A5A64C10-7D0C-42E8-845A-152D4AACCF7D}.Release|Any CPU.Build.0 = Release|Any CPU
	EndGlobalSection
	GlobalSection(SolutionProperties) = preSolution
		HideSolutionNode = FALSE
	EndGlobalSection
	GlobalSection(ExtensibilityGlobals) = postSolution
		SolutionGuid = {578D56FB-1F3D-4F45-B895-6A497F18BDB6}
	EndGlobalSection
EndGlobal
